
Microsoft Visual Studio Solution File, Format Version 12.00
# Visual Studio Version 17
VisualStudioVersion = 17.8.34309.116
MinimumVisualStudioVersion = 10.0.40219.1
Project("{FAE04EC0-301F-11D3-BF4B-00C04F79EFBC}") = "Prototipo_DTodo", "Prototipo_DTodo\Prototipo_DTodo.csproj", "{DFD3E394-592D-400A-A53F-E484AC39E23C}"
EndProject
Global
	GlobalSection(SolutionConfigurationPlatforms) = preSolution
		Debug|Any CPU = Debug|Any CPU
		Release|Any CPU = Release|Any CPU
	EndGlobalSection
	GlobalSection(ProjectConfigurationPlatforms) = postSolution
		{DFD3E394-592D-400A-A53F-E484AC39E23C}.Debug|Any CPU.ActiveCfg = Debug|Any CPU
		{DFD3E394-592D-400A-A53F-E484AC39E23C}.Debug|Any CPU.Build.0 = Debug|Any CPU
		{DFD3E394-592D-400A-A53F-E484AC39E23C}.Release|Any CPU.ActiveCfg = Release|Any CPU
		{DFD3E394-592D-400A-A53F-E484AC39E23C}.Release|Any CPU.Build.0 = Release|Any CPU
	EndGlobalSection
	GlobalSection(SolutionProperties) = preSolution
		HideSolutionNode = FALSE
	EndGlobalSection
	GlobalSection(ExtensibilityGlobals) = postSolution
		SolutionGuid = {C85C8DBE-B88F-4ADA-91FA-4A2B5D2054E6}
	EndGlobalSection
EndGlobal
